PODS:
  - Flutter (1.0.0)
  - mob_sharesdk (4.3.3):
    - mob_sharesdk/ShareSDK (= 4.3.3)
    - MOBFoundation
  - mob_sharesdk/ShareSDK (4.3.3):
    - MOBFoundation
  - mob_sharesdk/ShareSDKExtension (4.3.3):
    - mob_sharesdk/ShareSDK
    - MOBFoundation
  - mob_sharesdk/ShareSDKPlatforms/Facebook (4.3.3):
    - mob_sharesdk/ShareSDK
    - MOBFoundation
  - mob_sharesdk/ShareSDKPlatforms/QQ (4.3.3):
    - mob_sharesdk/ShareSDK
    - MOBFoundation
  - mob_sharesdk/ShareSDKPlatforms/SinaWeibo (4.3.3):
    - mob_sharesdk/ShareSDK
    - MOBFoundation
  - mob_sharesdk/ShareSDKPlatforms/Twitter (4.3.3):
    - mob_sharesdk/ShareSDK
    - MOBFoundation
  - mob_sharesdk/ShareSDKPlatforms/WeChat (4.3.3):
    - mob_sharesdk/ShareSDK
    - MOBFoundation
  - mob_sharesdk/ShareSDKRestoreScene (4.3.3):
    - mob_sharesdk/ShareSDKExtension
    - MOBFoundation
  - mob_sharesdk/ShareSDKUI (4.3.3):
    - mob_sharesdk/ShareSDK
    - MOBFoundation
  - MOBFoundation (3.2.6)
  - sharesdk_plugin (1.1.0):
    - Flutter
    - mob_sharesdk
    - mob_sharesdk/ShareSDKExtension
    - mob_sharesdk/ShareSDKPlatforms/Facebook
    - mob_sharesdk/ShareSDKPlatforms/QQ
    - mob_sharesdk/ShareSDKPlatforms/SinaWeibo
    - mob_sharesdk/ShareSDKPlatforms/Twitter
    - mob_sharesdk/ShareSDKPlatforms/WeChat
    - mob_sharesdk/ShareSDKRestoreScene
    - mob_sharesdk/ShareSDKUI

DEPENDENCIES:
  - Flutter (from `.symlinks/flutter/ios`)
  - sharesdk_plugin (from `.symlinks/plugins/sharesdk_plugin/ios`)

SPEC REPOS:
  https://github.com/cocoapods/specs.git:
    - mob_sharesdk
    - MOBFoundation

EXTERNAL SOURCES:
  Flutter:
    :path: ".symlinks/flutter/ios"
  sharesdk_plugin:
    :path: ".symlinks/plugins/sharesdk_plugin/ios"

SPEC CHECKSUMS:
  Flutter: 58dd7d1b27887414a370fcccb9e645c08ffd7a6a
  mob_sharesdk: 48cb240a4b9cc393be2d6ff9c5b597ae77a1da73
  MOBFoundation: 08c456357888e4c984fba23bbf04cfd2f4fc1e02
  sharesdk_plugin: 8b57f21721efb60b147d40bcf49b7114cdf71f76

PODFILE CHECKSUM: 7fb83752f59ead6285236625b82473f90b1cb932

COCOAPODS: 1.7.2
