PODS:
  - Flutter (1.0.0)
  - mob_sharesdk (4.2.7):
    - mob_sharesdk/ShareSDK (= 4.2.7)
    - MOBFoundation
  - mob_sharesdk/ShareSDK (4.2.7):
    - MOBFoundation
  - mob_sharesdk/ShareSDKExtension (4.2.7):
    - mob_sharesdk/ShareSDK
    - MOBFoundation
  - mob_sharesdk/ShareSDKPlatforms/Facebook (4.2.7):
    - mob_sharesdk/ShareSDK
    - MOBFoundation
  - mob_sharesdk/ShareSDKPlatforms/QQ (4.2.7):
    - mob_sharesdk/ShareSDK
    - MOBFoundation
  - mob_sharesdk/ShareSDKPlatforms/SinaWeibo (4.2.7):
    - mob_sharesdk/ShareSDK
    - MOBFoundation
  - mob_sharesdk/ShareSDKPlatforms/Twitter (4.2.7):
    - mob_sharesdk/ShareSDK
    - MOBFoundation
  - mob_sharesdk/ShareSDKPlatforms/WeChat (4.2.7):
    - mob_sharesdk/ShareSDK
    - MOBFoundation
  - mob_sharesdk/ShareSDKUI (4.2.7):
    - mob_sharesdk/ShareSDK
    - MOBFoundation
  - MOBFoundation (3.2.3)
  - sharesdk (0.0.1):
    - Flutter
    - mob_sharesdk
    - mob_sharesdk/ShareSDKExtension
    - mob_sharesdk/ShareSDKPlatforms/Facebook
    - mob_sharesdk/ShareSDKPlatforms/QQ
    - mob_sharesdk/ShareSDKPlatforms/SinaWeibo
    - mob_sharesdk/ShareSDKPlatforms/Twitter
    - mob_sharesdk/ShareSDKPlatforms/WeChat
    - mob_sharesdk/ShareSDKUI

DEPENDENCIES:
  - Flutter (from `.symlinks/flutter/ios`)
  - sharesdk (from `.symlinks/plugins/sharesdk/ios`)

SPEC REPOS:
  https://github.com/cocoapods/specs.git:
    - mob_sharesdk
    - MOBFoundation

EXTERNAL SOURCES:
  Flutter:
    :path: ".symlinks/flutter/ios"
  sharesdk:
    :path: ".symlinks/plugins/sharesdk/ios"

SPEC CHECKSUMS:
  Flutter: 58dd7d1b27887414a370fcccb9e645c08ffd7a6a
  mob_sharesdk: 6f1392f547cfbe7395ab82f40be4b04783c61eaf
  MOBFoundation: 246159a97f5e6c8a271b674dd885dc4b0953e45e
  sharesdk: 66d9d467ab350443381c6a503236f9c5ae53a7a6

PODFILE CHECKSUM: 1e5af4103afd21ca5ead147d7b81d06f494f51a2

COCOAPODS: 1.7.2
