PODS:
  - Flutter (1.0.0)
  - mob_sharesdk (4.2.0):
    - mob_sharesdk/ShareSDK (= 4.2.0)
    - MOBFoundation
  - mob_sharesdk/ShareSDK (4.2.0):
    - MOBFoundation
  - MOBFoundation (3.2.0)
  - sharesdk_flutter (0.0.1):
    - Flutter
    - mob_sharesdk

DEPENDENCIES:
  - Flutter (from `.symlinks/flutter/ios`)
  - sharesdk_flutter (from `.symlinks/plugins/sharesdk_flutter/ios`)

SPEC REPOS:
  https://github.com/cocoapods/specs.git:
    - mob_sharesdk
    - MOBFoundation

EXTERNAL SOURCES:
  Flutter:
    :path: ".symlinks/flutter/ios"
  sharesdk_flutter:
    :path: ".symlinks/plugins/sharesdk_flutter/ios"

SPEC CHECKSUMS:
  Flutter: 9d0fac939486c9aba2809b7982dfdbb47a7b0296
  mob_sharesdk: fc8a9aab921c08e5e88a5b1f36229c6d406a2ff8
  MOBFoundation: ca11e6640e995875ff755faa56ea324eed260e70
  sharesdk_flutter: 2e71a657efcaac1eaca456d56a7a9d0ef9907e42

PODFILE CHECKSUM: 1e5af4103afd21ca5ead147d7b81d06f494f51a2

COCOAPODS: 1.5.3
